{
  "lockfileVersion": 1,
  "configVersion": 0,
  "workspaces": {
    "": {
      "name": "checks-action",
      "dependencies": {
        "@actions/core": "^3.0.0",
        "@actions/github": "^9.0.0",
        "@octokit/rest": "^22.0.1",
      },
      "devDependencies": {
        "@biomejs/biome": "2.4.8",
        "@types/node": "^25.5.0",
        "typescript": "^6.0.2",
      },
    },
  },
  "packages": {
    "@actions/core": ["@actions/core@3.0.0", "", { "dependencies": { "@actions/exec": "^3.0.0", "@actions/http-client": "^4.0.0" } }, "sha512-zYt6cz+ivnTmiT/ksRVriMBOiuoUpDCJJlZ5KPl2/FRdvwU3f7MPh9qftvbkXJThragzUZieit2nyHUyw53Seg=="],

    "@actions/exec": ["@actions/exec@3.0.0", "", { "dependencies": { "@actions/io": "^3.0.2" } }, "sha512-6xH/puSoNBXb72VPlZVm7vQ+svQpFyA96qdDBvhB8eNZOE8LtPf9L4oAsfzK/crCL8YZ+19fKYVnM63Sl+Xzlw=="],

    "@actions/github": ["@actions/github@9.0.0", "", { "dependencies": { "@actions/http-client": "^3.0.2", "@octokit/core": "^7.0.6", "@octokit/plugin-paginate-rest": "^14.0.0", "@octokit/plugin-rest-endpoint-methods": "^17.0.0", "@octokit/request": "^10.0.7", "@octokit/request-error": "^7.1.0", "undici": "^6.23.0" } }, "sha512-yJ0RoswsAaKcvkmpCE4XxBRiy/whH2SdTBHWzs0gi4wkqTDhXMChjSdqBz/F4AeiDlP28rQqL33iHb+kjAMX6w=="],

    "@actions/http-client": ["@actions/http-client@4.0.0", "", { "dependencies": { "tunnel": "^0.0.6", "undici": "^6.23.0" } }, "sha512-QuwPsgVMsD6qaPD57GLZi9sqzAZCtiJT8kVBCDpLtxhL5MydQ4gS+DrejtZZPdIYyB1e95uCK9Luyds7ybHI3g=="],

    "@actions/io": ["@actions/io@3.0.2", "", {}, "sha512-nRBchcMM+QK1pdjO7/idu86rbJI5YHUKCvKs0KxnSYbVe3F51UfGxuZX4Qy/fWlp6l7gWFwIkrOzN+oUK03kfw=="],

    "@biomejs/biome": ["@biomejs/biome@2.4.8", "", { "optionalDependencies": { "@biomejs/cli-darwin-arm64": "2.4.8", "@biomejs/cli-darwin-x64": "2.4.8", "@biomejs/cli-linux-arm64": "2.4.8", "@biomejs/cli-linux-arm64-musl": "2.4.8", "@biomejs/cli-linux-x64": "2.4.8", "@biomejs/cli-linux-x64-musl": "2.4.8", "@biomejs/cli-win32-arm64": "2.4.8", "@biomejs/cli-win32-x64": "2.4.8" }, "bin": { "biome": "bin/biome" } }, "sha512-ponn0oKOky1oRXBV+rlSaUlixUxf1aZvWC19Z41zBfUOUesthrQqL3OtiAlSB1EjFjyWpn98Q64DHelhA6jNlA=="],

    "@biomejs/cli-darwin-arm64": ["@biomejs/cli-darwin-arm64@2.4.8", "", { "os": "darwin", "cpu": "arm64" }, "sha512-ARx0tECE8I7S2C2yjnWYLNbBdDoPdq3oyNLhMglmuctThwUsuzFWRKrHmIGwIRWKz0Mat9DuzLEDp52hGnrxGQ=="],

    "@biomejs/cli-darwin-x64": ["@biomejs/cli-darwin-x64@2.4.8", "", { "os": "darwin", "cpu": "x64" }, "sha512-Jg9/PsB9vDCJlANE8uhG7qDhb5w0Ix69D7XIIc8IfZPUoiPrbLm33k2Ig3NOJ/7nb3UbesFz3D1aDKm9DvzjhQ=="],

    "@biomejs/cli-linux-arm64": ["@biomejs/cli-linux-arm64@2.4.8", "", { "os": "linux", "cpu": "arm64" }, "sha512-5CdrsJct76XG2hpKFwXnEtlT1p+4g4yV+XvvwBpzKsTNLO9c6iLlAxwcae2BJ7ekPGWjNGw9j09T5KGPKKxQig=="],

    "@biomejs/cli-linux-arm64-musl": ["@biomejs/cli-linux-arm64-musl@2.4.8", "", { "os": "linux", "cpu": "arm64" }, "sha512-Zo9OhBQDJ3IBGPlqHiTISloo5H0+FBIpemqIJdW/0edJ+gEcLR+MZeZozcUyz3o1nXkVA7++DdRKQT0599j9jA=="],

    "@biomejs/cli-linux-x64": ["@biomejs/cli-linux-x64@2.4.8", "", { "os": "linux", "cpu": "x64" }, "sha512-PdKXspVEaMCQLjtZCn6vfSck/li4KX9KGwSDbZdgIqlrizJ2MnMcE3TvHa2tVfXNmbjMikzcfJpuPWH695yJrw=="],

    "@biomejs/cli-linux-x64-musl": ["@biomejs/cli-linux-x64-musl@2.4.8", "", { "os": "linux", "cpu": "x64" }, "sha512-Gi8quv8MEuDdKaPFtS2XjEnMqODPsRg6POT6KhoP+VrkNb+T2ywunVB+TvOU0LX1jAZzfBr+3V1mIbBhzAMKvw=="],

    "@biomejs/cli-win32-arm64": ["@biomejs/cli-win32-arm64@2.4.8", "", { "os": "win32", "cpu": "arm64" }, "sha512-LoFatS0tnHv6KkCVpIy3qZCih+MxUMvdYiPWLHRri7mhi2vyOOs8OrbZBcLTUEWCS+ktO72nZMy4F96oMhkOHQ=="],

    "@biomejs/cli-win32-x64": ["@biomejs/cli-win32-x64@2.4.8", "", { "os": "win32", "cpu": "x64" }, "sha512-vAn7iXDoUbqFXqVocuq1sMYAd33p8+mmurqJkWl6CtIhobd/O6moe4rY5AJvzbunn/qZCdiDVcveqtkFh1e7Hg=="],

    "@octokit/auth-token": ["@octokit/auth-token@6.0.0", "", {}, "sha512-P4YJBPdPSpWTQ1NU4XYdvHvXJJDxM6YwpS0FZHRgP7YFkdVxsWcpWGy/NVqlAA7PcPCnMacXlRm1y2PFZRWL/w=="],

    "@octokit/core": ["@octokit/core@7.0.6", "", { "dependencies": { "@octokit/auth-token": "^6.0.0", "@octokit/graphql": "^9.0.3", "@octokit/request": "^10.0.6", "@octokit/request-error": "^7.0.2", "@octokit/types": "^16.0.0", "before-after-hook": "^4.0.0", "universal-user-agent": "^7.0.0" } }, "sha512-DhGl4xMVFGVIyMwswXeyzdL4uXD5OGILGX5N8Y+f6W7LhC1Ze2poSNrkF/fedpVDHEEZ+PHFW0vL14I+mm8K3Q=="],

    "@octokit/endpoint": ["@octokit/endpoint@11.0.3", "", { "dependencies": { "@octokit/types": "^16.0.0", "universal-user-agent": "^7.0.2" } }, "sha512-FWFlNxghg4HrXkD3ifYbS/IdL/mDHjh9QcsNyhQjN8dplUoZbejsdpmuqdA76nxj2xoWPs7p8uX2SNr9rYu0Ag=="],

    "@octokit/graphql": ["@octokit/graphql@9.0.3", "", { "dependencies": { "@octokit/request": "^10.0.6", "@octokit/types": "^16.0.0", "universal-user-agent": "^7.0.0" } }, "sha512-grAEuupr/C1rALFnXTv6ZQhFuL1D8G5y8CN04RgrO4FIPMrtm+mcZzFG7dcBm+nq+1ppNixu+Jd78aeJOYxlGA=="],

    "@octokit/openapi-types": ["@octokit/openapi-types@27.0.0", "", {}, "sha512-whrdktVs1h6gtR+09+QsNk2+FO+49j6ga1c55YZudfEG+oKJVvJLQi3zkOm5JjiUXAagWK2tI2kTGKJ2Ys7MGA=="],

    "@octokit/plugin-paginate-rest": ["@octokit/plugin-paginate-rest@14.0.0", "", { "dependencies": { "@octokit/types": "^16.0.0" }, "peerDependencies": { "@octokit/core": ">=6" } }, "sha512-fNVRE7ufJiAA3XUrha2omTA39M6IXIc6GIZLvlbsm8QOQCYvpq/LkMNGyFlB1d8hTDzsAXa3OKtybdMAYsV/fw=="],

    "@octokit/plugin-request-log": ["@octokit/plugin-request-log@6.0.0", "", { "peerDependencies": { "@octokit/core": ">=6" } }, "sha512-UkOzeEN3W91/eBq9sPZNQ7sUBvYCqYbrrD8gTbBuGtHEuycE4/awMXcYvx6sVYo7LypPhmQwwpUe4Yyu4QZN5Q=="],

    "@octokit/plugin-rest-endpoint-methods": ["@octokit/plugin-rest-endpoint-methods@17.0.0", "", { "dependencies": { "@octokit/types": "^16.0.0" }, "peerDependencies": { "@octokit/core": ">=6" } }, "sha512-B5yCyIlOJFPqUUeiD0cnBJwWJO8lkJs5d8+ze9QDP6SvfiXSz1BF+91+0MeI1d2yxgOhU/O+CvtiZ9jSkHhFAw=="],

    "@octokit/request": ["@octokit/request@10.0.8", "", { "dependencies": { "@octokit/endpoint": "^11.0.3", "@octokit/request-error": "^7.0.2", "@octokit/types": "^16.0.0", "fast-content-type-parse": "^3.0.0", "json-with-bigint": "^3.5.3", "universal-user-agent": "^7.0.2" } }, "sha512-SJZNwY9pur9Agf7l87ywFi14W+Hd9Jg6Ifivsd33+/bGUQIjNujdFiXII2/qSlN2ybqUHfp5xpekMEjIBTjlSw=="],

    "@octokit/request-error": ["@octokit/request-error@7.1.0", "", { "dependencies": { "@octokit/types": "^16.0.0" } }, "sha512-KMQIfq5sOPpkQYajXHwnhjCC0slzCNScLHs9JafXc4RAJI+9f+jNDlBNaIMTvazOPLgb4BnlhGJOTbnN0wIjPw=="],

    "@octokit/rest": ["@octokit/rest@22.0.1", "", { "dependencies": { "@octokit/core": "^7.0.6", "@octokit/plugin-paginate-rest": "^14.0.0", "@octokit/plugin-request-log": "^6.0.0", "@octokit/plugin-rest-endpoint-methods": "^17.0.0" } }, "sha512-Jzbhzl3CEexhnivb1iQ0KJ7s5vvjMWcmRtq5aUsKmKDrRW6z3r84ngmiFKFvpZjpiU/9/S6ITPFRpn5s/3uQJw=="],

    "@octokit/types": ["@octokit/types@16.0.0", "", { "dependencies": { "@octokit/openapi-types": "^27.0.0" } }, "sha512-sKq+9r1Mm4efXW1FCk7hFSeJo4QKreL/tTbR0rz/qx/r1Oa2VV83LTA/H/MuCOX7uCIJmQVRKBcbmWoySjAnSg=="],

    "@types/node": ["@types/node@25.5.0", "", { "dependencies": { "undici-types": "~7.18.0" } }, "sha512-jp2P3tQMSxWugkCUKLRPVUpGaL5MVFwF8RDuSRztfwgN1wmqJeMSbKlnEtQqU8UrhTmzEmZdu2I6v2dpp7XIxw=="],

    "before-after-hook": ["before-after-hook@4.0.0", "", {}, "sha512-q6tR3RPqIB1pMiTRMFcZwuG5T8vwp+vUvEG0vuI6B+Rikh5BfPp2fQ82c925FOs+b0lcFQ8CFrL+KbilfZFhOQ=="],

    "fast-content-type-parse": ["fast-content-type-parse@3.0.0", "", {}, "sha512-ZvLdcY8P+N8mGQJahJV5G4U88CSvT1rP8ApL6uETe88MBXrBHAkZlSEySdUlyztF7ccb+Znos3TFqaepHxdhBg=="],

    "json-with-bigint": ["json-with-bigint@3.5.8", "", {}, "sha512-eq/4KP6K34kwa7TcFdtvnftvHCD9KvHOGGICWwMFc4dOOKF5t4iYqnfLK8otCRCRv06FXOzGGyqE8h8ElMvvdw=="],

    "tunnel": ["tunnel@0.0.6", "", {}, "sha512-1h/Lnq9yajKY2PEbBadPXj3VxsDDu844OnaAo52UVmIzIvwwtBPIuNvkjuzBlTWpfJyUbG3ez0KSBibQkj4ojg=="],

    "typescript": ["typescript@6.0.2", "", { "bin": { "tsc": "bin/tsc", "tsserver": "bin/tsserver" } }, "sha512-bGdAIrZ0wiGDo5l8c++HWtbaNCWTS4UTv7RaTH/ThVIgjkveJt83m74bBHMJkuCbslY8ixgLBVZJIOiQlQTjfQ=="],

    "undici": ["undici@6.24.1", "", {}, "sha512-sC+b0tB1whOCzbtlx20fx3WgCXwkW627p4EA9uM+/tNNPkSS+eSEld6pAs9nDv7WbY1UUljBMYPtu9BCOrCWKA=="],

    "undici-types": ["undici-types@7.18.2", "", {}, "sha512-AsuCzffGHJybSaRrmr5eHr81mwJU3kjw6M+uprWvCXiNeN9SOGwQ3Jn8jb8m3Z6izVgknn1R0FTCEAP2QrLY/w=="],

    "universal-user-agent": ["universal-user-agent@7.0.3", "", {}, "sha512-TmnEAEAsBJVZM/AADELsK76llnwcf9vMKuPz8JflO1frO8Lchitr0fNaN9d+Ap0BjKtqWqd/J17qeDnXh8CL2A=="],

    "@actions/github/@actions/http-client": ["@actions/http-client@3.0.2", "", { "dependencies": { "tunnel": "^0.0.6", "undici": "^6.23.0" } }, "sha512-JP38FYYpyqvUsz+Igqlc/JG6YO9PaKuvqjM3iGvaLqFnJ7TFmcLyy2IDrY0bI0qCQug8E9K+elv5ZNfw62ZJzA=="],

    "@octokit/core/@octokit/request": ["@octokit/request@10.0.6", "", { "dependencies": { "@octokit/endpoint": "^11.0.2", "@octokit/request-error": "^7.0.2", "@octokit/types": "^16.0.0", "fast-content-type-parse": "^3.0.0", "universal-user-agent": "^7.0.2" } }, "sha512-FO+UgZCUu+pPnZAR+iKdUt64kPE7QW7ciqpldaMXaNzixz5Jld8dJ31LAUewk0cfSRkNSRKyqG438ba9c/qDlQ=="],

    "@octokit/core/@octokit/request-error": ["@octokit/request-error@7.0.2", "", { "dependencies": { "@octokit/types": "^16.0.0" } }, "sha512-U8piOROoQQUyExw5c6dTkU3GKxts5/ERRThIauNL7yaRoeXW0q/5bgHWT7JfWBw1UyrbK8ERId2wVkcB32n0uQ=="],

    "@octokit/graphql/@octokit/request": ["@octokit/request@10.0.6", "", { "dependencies": { "@octokit/endpoint": "^11.0.2", "@octokit/request-error": "^7.0.2", "@octokit/types": "^16.0.0", "fast-content-type-parse": "^3.0.0", "universal-user-agent": "^7.0.2" } }, "sha512-FO+UgZCUu+pPnZAR+iKdUt64kPE7QW7ciqpldaMXaNzixz5Jld8dJ31LAUewk0cfSRkNSRKyqG438ba9c/qDlQ=="],

    "@octokit/core/@octokit/request/@octokit/endpoint": ["@octokit/endpoint@11.0.2", "", { "dependencies": { "@octokit/types": "^16.0.0", "universal-user-agent": "^7.0.2" } }, "sha512-4zCpzP1fWc7QlqunZ5bSEjxc6yLAlRTnDwKtgXfcI/FxxGoqedDG8V2+xJ60bV2kODqcGB+nATdtap/XYq2NZQ=="],

    "@octokit/graphql/@octokit/request/@octokit/endpoint": ["@octokit/endpoint@11.0.2", "", { "dependencies": { "@octokit/types": "^16.0.0", "universal-user-agent": "^7.0.2" } }, "sha512-4zCpzP1fWc7QlqunZ5bSEjxc6yLAlRTnDwKtgXfcI/FxxGoqedDG8V2+xJ60bV2kODqcGB+nATdtap/XYq2NZQ=="],

    "@octokit/graphql/@octokit/request/@octokit/request-error": ["@octokit/request-error@7.0.2", "", { "dependencies": { "@octokit/types": "^16.0.0" } }, "sha512-U8piOROoQQUyExw5c6dTkU3GKxts5/ERRThIauNL7yaRoeXW0q/5bgHWT7JfWBw1UyrbK8ERId2wVkcB32n0uQ=="],
  }
}
